# This file is autogenerated, do not edit; changes may be undone by the next 'dep ensure'.


[[projects]]
  name = "github.com/julienschmidt/httprouter"
  packages = ["."]
  revision = "8c199fb6259ffc1af525cc3ad52ee60ba8359669"
  version = "v1.1"

[[projects]]
  branch = "master"
  name = "github.com/lib/pq"
  packages = [
    ".",
    "oid"
  ]
  revision = "88edab0803230a3898347e77b474f8c1820a1f20"

[[projects]]
  branch = "master"
  name = "github.com/mcaparna/GoCodingChallenge"
  packages = ["todo"]
  revision = "a5d71c996c04a4b9d9b2b391ecd24accfdf68415"

[solve-meta]
  analyzer-name = "dep"
  analyzer-version = 1
  inputs-digest = "aa9526c6448ed5ba1dfbec42e98be542bb6276dd24fb9a79d955bf116bd2413e"
  solver-name = "gps-cdcl"
  solver-version = 1
